
Microsoft Visual Studio Solution File, Format Version 12.00
Project("{FAE04EC0-301F-11D3-BF4B-00C04F79EFBC}") = "HomeSearchAssessment", "HomeSearchAssessment\HomeSearchAssessment.csproj", "{1FE1CC81-431B-4F80-8527-C7EE936D3030}"
EndProject
Project("{FAE04EC0-301F-11D3-BF4B-00C04F79EFBC}") = "HomeSearchAssessmentTest", "HomeSearchAssessmentTest\HomeSearchAssessmentTest.csproj", "{37DB89D5-1BE3-46C6-A71F-102C744EA38C}"
EndProject
Global
	GlobalSection(SolutionConfigurationPlatforms) = preSolution
		Debug|Any CPU = Debug|Any CPU
		Release|Any CPU = Release|Any CPU
	EndGlobalSection
	GlobalSection(ProjectConfigurationPlatforms) = postSolution
		{1FE1CC81-431B-4F80-8527-C7EE936D3030}.Debug|Any CPU.ActiveCfg = Debug|Any CPU
		{1FE1CC81-431B-4F80-8527-C7EE936D3030}.Debug|Any CPU.Build.0 = Debug|Any CPU
		{1FE1CC81-431B-4F80-8527-C7EE936D3030}.Release|Any CPU.ActiveCfg = Release|Any CPU
		{1FE1CC81-431B-4F80-8527-C7EE936D3030}.Release|Any CPU.Build.0 = Release|Any CPU
		{37DB89D5-1BE3-46C6-A71F-102C744EA38C}.Debug|Any CPU.ActiveCfg = Debug|Any CPU
		{37DB89D5-1BE3-46C6-A71F-102C744EA38C}.Debug|Any CPU.Build.0 = Debug|Any CPU
		{37DB89D5-1BE3-46C6-A71F-102C744EA38C}.Release|Any CPU.ActiveCfg = Release|Any CPU
		{37DB89D5-1BE3-46C6-A71F-102C744EA38C}.Release|Any CPU.Build.0 = Release|Any CPU
	EndGlobalSection
EndGlobal
